
Microsoft Visual Studio Solution File, Format Version 12.00
Project("{FAE04EC0-301F-11D3-BF4B-00C04F79EFBC}") = "Client", "Client\Client.csproj", "{F89EEABE-8C06-4F60-94FC-A9A3A8FAC526}"
EndProject
Project("{FAE04EC0-301F-11D3-BF4B-00C04F79EFBC}") = "Server", "Server\Server.csproj", "{0C8F5C9F-4FD2-48C4-828A-90FDF77FBCF5}"
EndProject
Global
	GlobalSection(SolutionConfigurationPlatforms) = preSolution
		Debug|Any CPU = Debug|Any CPU
		Release|Any CPU = Release|Any CPU
	EndGlobalSection
	GlobalSection(ProjectConfigurationPlatforms) = postSolution
		{F89EEABE-8C06-4F60-94FC-A9A3A8FAC526}.Debug|Any CPU.ActiveCfg = Debug|Any CPU
		{F89EEABE-8C06-4F60-94FC-A9A3A8FAC526}.Debug|Any CPU.Build.0 = Debug|Any CPU
		{F89EEABE-8C06-4F60-94FC-A9A3A8FAC526}.Release|Any CPU.ActiveCfg = Release|Any CPU
		{F89EEABE-8C06-4F60-94FC-A9A3A8FAC526}.Release|Any CPU.Build.0 = Release|Any CPU
		{0C8F5C9F-4FD2-48C4-828A-90FDF77FBCF5}.Debug|Any CPU.ActiveCfg = Debug|Any CPU
		{0C8F5C9F-4FD2-48C4-828A-90FDF77FBCF5}.Debug|Any CPU.Build.0 = Debug|Any CPU
		{0C8F5C9F-4FD2-48C4-828A-90FDF77FBCF5}.Release|Any CPU.ActiveCfg = Release|Any CPU
		{0C8F5C9F-4FD2-48C4-828A-90FDF77FBCF5}.Release|Any CPU.Build.0 = Release|Any CPU
	EndGlobalSection
EndGlobal
