
Microsoft Visual Studio Solution File, Format Version 12.00
Project("{FAE04EC0-301F-11D3-BF4B-00C04F79EFBC}") = "Client", "Client\Client.csproj", "{ED540B9E-6DC7-476F-8E3F-1AFD8ACE1DB5}"
EndProject
Project("{FAE04EC0-301F-11D3-BF4B-00C04F79EFBC}") = "Lib", "Lib\Lib.csproj", "{1576F384-6D3A-4508-8B9F-2615E2184C6D}"
EndProject
Project("{FAE04EC0-301F-11D3-BF4B-00C04F79EFBC}") = "Server", "Server\Server.csproj", "{BFC7973E-CAA4-4AF0-A48D-63F85C893970}"
EndProject
Global
	GlobalSection(SolutionConfigurationPlatforms) = preSolution
		Debug|Any CPU = Debug|Any CPU
		Release|Any CPU = Release|Any CPU
	EndGlobalSection
	GlobalSection(ProjectConfigurationPlatforms) = postSolution
		{ED540B9E-6DC7-476F-8E3F-1AFD8ACE1DB5}.Debug|Any CPU.ActiveCfg = Debug|Any CPU
		{ED540B9E-6DC7-476F-8E3F-1AFD8ACE1DB5}.Debug|Any CPU.Build.0 = Debug|Any CPU
		{ED540B9E-6DC7-476F-8E3F-1AFD8ACE1DB5}.Release|Any CPU.ActiveCfg = Release|Any CPU
		{ED540B9E-6DC7-476F-8E3F-1AFD8ACE1DB5}.Release|Any CPU.Build.0 = Release|Any CPU
		{1576F384-6D3A-4508-8B9F-2615E2184C6D}.Debug|Any CPU.ActiveCfg = Debug|Any CPU
		{1576F384-6D3A-4508-8B9F-2615E2184C6D}.Debug|Any CPU.Build.0 = Debug|Any CPU
		{1576F384-6D3A-4508-8B9F-2615E2184C6D}.Release|Any CPU.ActiveCfg = Release|Any CPU
		{1576F384-6D3A-4508-8B9F-2615E2184C6D}.Release|Any CPU.Build.0 = Release|Any CPU
		{BFC7973E-CAA4-4AF0-A48D-63F85C893970}.Debug|Any CPU.ActiveCfg = Debug|Any CPU
		{BFC7973E-CAA4-4AF0-A48D-63F85C893970}.Debug|Any CPU.Build.0 = Debug|Any CPU
		{BFC7973E-CAA4-4AF0-A48D-63F85C893970}.Release|Any CPU.ActiveCfg = Release|Any CPU
		{BFC7973E-CAA4-4AF0-A48D-63F85C893970}.Release|Any CPU.Build.0 = Release|Any CPU
	EndGlobalSection
EndGlobal
